
Microsoft Visual Studio Solution File, Format Version 12.00
# Visual Studio 2012
Project("{FAE04EC0-301F-11D3-BF4B-00C04F79EFBC}") = "ConsoleSurfer", "ConsoleSurfer\ConsoleSurfer.csproj", "{415E381B-9A16-4175-B47A-C043AC0FED29}"
EndProject
Global
	GlobalSection(SolutionConfigurationPlatforms) = preSolution
		Debug|Any CPU = Debug|Any CPU
		Release|Any CPU = Release|Any CPU
	EndGlobalSection
	GlobalSection(ProjectConfigurationPlatforms) = postSolution
		{415E381B-9A16-4175-B47A-C043AC0FED29}.Debug|Any CPU.ActiveCfg = Debug|Any CPU
		{415E381B-9A16-4175-B47A-C043AC0FED29}.Debug|Any CPU.Build.0 = Debug|Any CPU
		{415E381B-9A16-4175-B47A-C043AC0FED29}.Release|Any CPU.ActiveCfg = Release|Any CPU
		{415E381B-9A16-4175-B47A-C043AC0FED29}.Release|Any CPU.Build.0 = Release|Any CPU
	EndGlobalSection
EndGlobal
